<?xml version="1.0" encoding="utf-8"?>
<Project ToolsVersion="4.0" xmlns="http://schemas.microsoft.com/developer/msbuild/2003">
  <ItemGroup>
    <Filter Include="Source Files">
      <UniqueIdentifier>{4FC737F1-C7A5-4376-A066-2A32D752A2FF}</UniqueIdentifier>
      <Extensions>cpp;c;cc;cxx;def;odl;idl;hpj;bat;asm;asmx</Extensions>
    </Filter>
    <Filter Include="Header Files">
      <UniqueIdentifier>{93995380-89BD-4b04-88EB-625FBE52EBFB}</UniqueIdentifier>
      <Extensions>h;hh;hpp;hxx;hm;inl;inc;xsd</Extensions>
    </Filter>
    <Filter Include="Resource Files">
      <UniqueIdentifier>{67DA6AB6-F800-4c08-8B7A-83BB121AAD01}</UniqueIdentifier>
      <Extensions>rc;ico;cur;bmp;dlg;rc2;rct;bin;rgs;gif;jpg;jpeg;jpe;resx;tiff;tif;png;wav;mfcribbon-ms</Extensions>
    </Filter>
    <Filter Include="Header Files\Animal">
      <UniqueIdentifier>{7ff165c0-497f-46c0-aedf-2f99a5515300}</UniqueIdentifier>
    </Filter>
    <Filter Include="Source Files\Animal">
      <UniqueIdentifier>{5ff40d91-6984-4bc3-8609-f160e859338d}</UniqueIdentifier>
    </Filter>
    <Filter Include="Header Files\Plants">
      <UniqueIdentifier>{138a3f03-84ea-415f-86c6-3ef803c6907a}</UniqueIdentifier>
    </Filter>
    <Filter Include="Source Files\Plants">
      <UniqueIdentifier>{b3bbcc91-674e-4962-9624-627c2fa36c06}</UniqueIdentifier>
    </Filter>
  </ItemGroup>
  <ItemGroup>
    <ClInclude Include="MathX.h">
      <Filter>Header Files</Filter>
    </ClInclude>
    <ClInclude Include="WorldMap.h">
      <Filter>Header Files</Filter>
    </ClInclude>
    <ClInclude Include="Character\Animal\Wolfs.h">
      <Filter>Header Files</Filter>
    </ClInclude>
    <ClInclude Include="Character\Animal\Antilope.h">
      <Filter>Header Files\Animal</Filter>
    </ClInclude>
    <ClInclude Include="Character\Character.h">
      <Filter>Header Files\Animal</Filter>
    </ClInclude>
    <ClInclude Include="Character\Animal\Fox.h">
      <Filter>Header Files\Animal</Filter>
    </ClInclude>
    <ClInclude Include="Character\Animal\Sheep.h">
      <Filter>Header Files\Animal</Filter>
    </ClInclude>
    <ClInclude Include="Character\Animal\Turtle.h">
      <Filter>Header Files\Animal</Filter>
    </ClInclude>
    <ClInclude Include="Character\Plants\Belladonna.h">
      <Filter>Header Files\Plants</Filter>
    </ClInclude>
    <ClInclude Include="Character\Plants\Grass.h">
      <Filter>Header Files\Plants</Filter>
    </ClInclude>
    <ClInclude Include="Character\Plants\Sosnowsky.h">
      <Filter>Header Files\Plants</Filter>
    </ClInclude>
    <ClInclude Include="Character\Plants\SowThistle.h">
      <Filter>Header Files\Plants</Filter>
    </ClInclude>
    <ClInclude Include="Character\Plants\Guarana.h">
      <Filter>Header Files\Plants</Filter>
    </ClInclude>
    <ClInclude Include="Character\Plant.h">
      <Filter>Header Files</Filter>
    </ClInclude>
    <ClInclude Include="Character\Human.h">
      <Filter>Header Files</Filter>
    </ClInclude>
    <ClInclude Include="Character\Abilites\Ability.h">
      <Filter>Header Files</Filter>
    </ClInclude>
    <ClInclude Include="StatusBar.h">
      <Filter>Header Files</Filter>
    </ClInclude>
    <ClInclude Include="GameMode.h">
      <Filter>Header Files</Filter>
    </ClInclude>
    <ClInclude Include="ControlPanel.h">
      <Filter>Header Files</Filter>
    </ClInclude>
  </ItemGroup>
  <ItemGroup>
    <ClCompile Include="maincpp.cpp">
      <Filter>Source Files</Filter>
    </ClCompile>
    <ClCompile Include="MathX.cpp">
      <Filter>Source Files</Filter>
    </ClCompile>
    <ClCompile Include="WorldMap.cpp">
      <Filter>Source Files</Filter>
    </ClCompile>
    <ClCompile Include="Character\Animal\Antilope.cpp">
      <Filter>Source Files\Animal</Filter>
    </ClCompile>
    <ClCompile Include="Character\Animal\Fox.cpp">
      <Filter>Source Files\Animal</Filter>
    </ClCompile>
    <ClCompile Include="Character\Animal\Wolfs.cpp">
      <Filter>Source Files\Animal</Filter>
    </ClCompile>
    <ClCompile Include="Character\Animal\Turtle.cpp">
      <Filter>Source Files\Animal</Filter>
    </ClCompile>
    <ClCompile Include="Character\Animal\Sheep.cpp">
      <Filter>Source Files\Animal</Filter>
    </ClCompile>
    <ClCompile Include="Character\Plants\Belladonna.cpp">
      <Filter>Source Files\Plants</Filter>
    </ClCompile>
    <ClCompile Include="Character\Plants\Grass.cpp">
      <Filter>Source Files\Plants</Filter>
    </ClCompile>
    <ClCompile Include="Character\Plants\Guarana.cpp">
      <Filter>Source Files\Plants</Filter>
    </ClCompile>
    <ClCompile Include="Character\Plants\Sosnowsky.cpp">
      <Filter>Source Files\Plants</Filter>
    </ClCompile>
    <ClCompile Include="Character\Plants\SowThistle.cpp">
      <Filter>Source Files\Plants</Filter>
    </ClCompile>
    <ClCompile Include="Character\Plant.cpp">
      <Filter>Source Files</Filter>
    </ClCompile>
    <ClCompile Include="Character\Human.cpp">
      <Filter>Source Files</Filter>
    </ClCompile>
    <ClCompile Include="Character\Abilites\Ability.cpp">
      <Filter>Source Files</Filter>
    </ClCompile>
    <ClCompile Include="StatusBar.cpp">
      <Filter>Source Files</Filter>
    </ClCompile>
    <ClCompile Include="GameMode.cpp">
      <Filter>Source Files</Filter>
    </ClCompile>
    <ClCompile Include="Character\Character.cpp">
      <Filter>Source Files</Filter>
    </ClCompile>
    <ClCompile Include="ControlPanel.cpp">
      <Filter>Source Files</Filter>
    </ClCompile>
  </ItemGroup>
</Project>